# This file is autogenerated, do not edit; changes may be undone by the next 'dep ensure'.


[[projects]]
  branch = "master"
  digest = "1:69e7139f6d546cc6ffc9ca98e7f4cfe95be479f4044eb30bb92017b5b87c9d40"
  name = "github.com/buger/jsonparser"
  packages = ["."]
  pruneopts = "UT"
  revision = "bf1c66bbce23153d89b23f8960071a680dbef54b"

[[projects]]
  digest = "1:43a2accc8f93ba3caeeb788d2188cea97a147837e2d8de1432b87d49192748cf"
  name = "github.com/go-playground/locales"
  packages = [
    ".",
    "currency",
    "en_US",
    "zh_Hans_CN",
  ]
  pruneopts = "UT"
  revision = "f63010822830b6fe52288ee52d5a1151088ce039"
  version = "v0.12.1"

[[projects]]
  digest = "1:586ea76dbd0374d6fb649a91d70d652b7fe0ccffb8910a77468e7702e7901f3d"
  name = "github.com/go-stack/stack"
  packages = ["."]
  pruneopts = "UT"
  revision = "2fee6af1a9795aafbe0253a0cfbdf668e1fb8a9a"
  version = "v1.8.0"

[[projects]]
  digest = "1:44ab1c483cb6629739b5deaa022e1fdfb79b1c5b5c55b0ceb80136ee811382b2"
  name = "github.com/mongodb/mongo-go-driver"
  packages = [
    "bson",
    "bson/builder",
    "bson/decimal",
    "bson/elements",
    "bson/objectid",
    "bson/parser",
    "bson/parser/ast",
  ]
  pruneopts = "UT"
  revision = "e3f321c2848b138976cf8c6143aab9702e2b2fc6"
  version = "v0.0.12"

[[projects]]
  digest = "1:81e02c4edb639c80559c0650f9401d3e2dcc3256d1fa215382bb7c83c1db9126"
  name = "github.com/shopspring/decimal"
  packages = ["."]
  pruneopts = "UT"
  revision = "cd690d0c9e2447b1ef2a129a6b7b49077da89b8e"
  version = "1.1.0"

[solve-meta]
  analyzer-name = "dep"
  analyzer-version = 1
  input-imports = [
    "github.com/go-playground/locales/currency",
    "github.com/go-playground/locales/en_US",
    "github.com/go-playground/locales/zh_Hans_CN",
    "github.com/mongodb/mongo-go-driver/bson",
    "github.com/shopspring/decimal",
  ]
  solver-name = "gps-cdcl"
  solver-version = 1
